# THIS IS AN AUTOGENERATED FILE. DO NOT EDIT THIS FILE DIRECTLY.
# yarn lockfile v1


"@tauri-apps/cli-darwin-arm64@2.9.6":
  version "2.9.6"
  resolved "https://registry.yarnpkg.com/@tauri-apps/cli-darwin-arm64/-/cli-darwin-arm64-2.9.6.tgz#bb1576a6567db0d331e34d2322dc6aebde6681e8"
  integrity sha512-gf5no6N9FCk1qMrti4lfwP77JHP5haASZgVbBgpZG7BUepB3fhiLCXGUK8LvuOjP36HivXewjg72LTnPDScnQQ==

"@tauri-apps/cli-darwin-x64@2.9.6":
  version "2.9.6"
  resolved "https://registry.yarnpkg.com/@tauri-apps/cli-darwin-x64/-/cli-darwin-x64-2.9.6.tgz#7beb6ba8218002d7e160764326ce03407e76305d"
  integrity sha512-oWh74WmqbERwwrwcueJyY6HYhgCksUc6NT7WKeXyrlY/FPmNgdyQAgcLuTSkhRFuQ6zh4Np1HZpOqCTpeZBDcw==

"@tauri-apps/cli-linux-arm-gnueabihf@2.9.6":
  version "2.9.6"
  resolved "https://registry.yarnpkg.com/@tauri-apps/cli-linux-arm-gnueabihf/-/cli-linux-arm-gnueabihf-2.9.6.tgz#523ddcd86a99bdda5156bd9de96dfd3e4fa75b7f"
  integrity sha512-/zde3bFroFsNXOHN204DC2qUxAcAanUjVXXSdEGmhwMUZeAQalNj5cz2Qli2elsRjKN/hVbZOJj0gQ5zaYUjSg==

"@tauri-apps/cli-linux-arm64-gnu@2.9.6":
  version "2.9.6"
  resolved "https://registry.yarnpkg.com/@tauri-apps/cli-linux-arm64-gnu/-/cli-linux-arm64-gnu-2.9.6.tgz#60b4cbd4b8b97c5f5be6cc70fa75455b5a6d6292"
  integrity sha512-pvbljdhp9VOo4RnID5ywSxgBs7qiylTPlK56cTk7InR3kYSTJKYMqv/4Q/4rGo/mG8cVppesKIeBMH42fw6wjg==

"@tauri-apps/cli-linux-arm64-musl@2.9.6":
  version "2.9.6"
  resolved "https://registry.yarnpkg.com/@tauri-apps/cli-linux-arm64-musl/-/cli-linux-arm64-musl-2.9.6.tgz#ce5e5396db6c7f22b80154757479b1486163364a"
  integrity sha512-02TKUndpodXBCR0oP//6dZWGYcc22Upf2eP27NvC6z0DIqvkBBFziQUcvi2n6SrwTRL0yGgQjkm9K5NIn8s6jw==

"@tauri-apps/cli-linux-riscv64-gnu@2.9.6":
  version "2.9.6"
  resolved "https://registry.yarnpkg.com/@tauri-apps/cli-linux-riscv64-gnu/-/cli-linux-riscv64-gnu-2.9.6.tgz#aa8ec23d62cbb85a75c3e172637e78f485dbfcf8"
  integrity sha512-fmp1hnulbqzl1GkXl4aTX9fV+ubHw2LqlLH1PE3BxZ11EQk+l/TmiEongjnxF0ie4kV8DQfDNJ1KGiIdWe1GvQ==

"@tauri-apps/cli-linux-x64-gnu@2.9.6":
  version "2.9.6"
  resolved "https://registry.yarnpkg.com/@tauri-apps/cli-linux-x64-gnu/-/cli-linux-x64-gnu-2.9.6.tgz#036c0463c5eee2298ed6ca8cb2838738816c7290"
  integrity sha512-vY0le8ad2KaV1PJr+jCd8fUF9VOjwwQP/uBuTJvhvKTloEwxYA/kAjKK9OpIslGA9m/zcnSo74czI6bBrm2sYA==

"@tauri-apps/cli-linux-x64-musl@2.9.6":
  version "2.9.6"
  resolved "https://registry.yarnpkg.com/@tauri-apps/cli-linux-x64-musl/-/cli-linux-x64-musl-2.9.6.tgz#62b05db3d28b0f12c150836a387bd572de44f5be"
  integrity sha512-TOEuB8YCFZTWVDzsO2yW0+zGcoMiPPwcUgdnW1ODnmgfwccpnihDRoks+ABT1e3fHb1ol8QQWsHSCovb3o2ENQ==

"@tauri-apps/cli-win32-arm64-msvc@2.9.6":
  version "2.9.6"
  resolved "https://registry.yarnpkg.com/@tauri-apps/cli-win32-arm64-msvc/-/cli-win32-arm64-msvc-2.9.6.tgz#01f69ba09a6581e70bdfa206c5801b64b329d28d"
  integrity sha512-ujmDGMRc4qRLAnj8nNG26Rlz9klJ0I0jmZs2BPpmNNf0gM/rcVHhqbEkAaHPTBVIrtUdf7bGvQAD2pyIiUrBHQ==

"@tauri-apps/cli-win32-ia32-msvc@2.9.6":
  version "2.9.6"
  resolved "https://registry.yarnpkg.com/@tauri-apps/cli-win32-ia32-msvc/-/cli-win32-ia32-msvc-2.9.6.tgz#b36c60db5119d74f126d4c4d8288d1c6ae4b45f0"
  integrity sha512-S4pT0yAJgFX8QRCyKA1iKjZ9Q/oPjCZf66A/VlG5Yw54Nnr88J1uBpmenINbXxzyhduWrIXBaUbEY1K80ZbpMg==

"@tauri-apps/cli-win32-x64-msvc@2.9.6":
  version "2.9.6"
  resolved "https://registry.yarnpkg.com/@tauri-apps/cli-win32-x64-msvc/-/cli-win32-x64-msvc-2.9.6.tgz#d58c9f8af835b7e4fc30e201e979342c70bea426"
  integrity sha512-ldWuWSSkWbKOPjQMJoYVj9wLHcOniv7diyI5UAJ4XsBdtaFB0pKHQsqw/ItUma0VXGC7vB4E9fZjivmxur60aw==

"@tauri-apps/cli@^2":
  version "2.9.6"
  resolved "https://registry.yarnpkg.com/@tauri-apps/cli/-/cli-2.9.6.tgz#f15ae8e03bf48308055c15ab25b439bed9906bc9"
  integrity sha512-3xDdXL5omQ3sPfBfdC8fCtDKcnyV7OqyzQgfyT5P3+zY6lcPqIYKQBvUasNvppi21RSdfhy44ttvJmftb0PCDw==
  optionalDependencies:
    "@tauri-apps/cli-darwin-arm64" "2.9.6"
    "@tauri-apps/cli-darwin-x64" "2.9.6"
    "@tauri-apps/cli-linux-arm-gnueabihf" "2.9.6"
    "@tauri-apps/cli-linux-arm64-gnu" "2.9.6"
    "@tauri-apps/cli-linux-arm64-musl" "2.9.6"
    "@tauri-apps/cli-linux-riscv64-gnu" "2.9.6"
    "@tauri-apps/cli-linux-x64-gnu" "2.9.6"
    "@tauri-apps/cli-linux-x64-musl" "2.9.6"
    "@tauri-apps/cli-win32-arm64-msvc" "2.9.6"
    "@tauri-apps/cli-win32-ia32-msvc" "2.9.6"
    "@tauri-apps/cli-win32-x64-msvc" "2.9.6"
